// !$*UTF8*$!
{
	archiveVersion = 1;
	classes = {
	};
	objectVersion = 77;
	objects = {

/* Begin PBXBuildFile section */
		AB8826B82EC8867800F49375 /* Auth in Frameworks */ = {isa = PBXBuildFile; productRef = AB8826B72EC8867800F49375 /* Auth */; };
		AB8826BA2EC8867800F49375 /* Functions in Frameworks */ = {isa = PBXBuildFile; productRef = AB8826B92EC8867800F49375 /* Functions */; };
		AB8826BC2EC8867800F49375 /* PostgREST in Frameworks */ = {isa = PBXBuildFile; productRef = AB8826BB2EC8867800F49375 /* PostgREST */; };
		AB8826DF2EC88C7E00F49375 /* Supabase in Frameworks */ = {isa = PBXBuildFile; productRef = AB8826DE2EC88C7E00F49375 /* Supabase */; };
		AB8826E12EC88D9C00F49375 /* Realtime in Frameworks */ = {isa = PBXBuildFile; productRef = AB8826E02EC88D9C00F49375 /* Realtime */; };
		AB8826E32EC88D9C00F49375 /* Storage in Frameworks */ = {isa = PBXBuildFile; productRef = AB8826E22EC88D9C00F49375 /* Storage */; };
/* End PBXBuildFile section */

/* Begin PBXContainerItemProxy section */
		AB8826972EC8712F00F49375 /* PBXContainerItemProxy */ = {
			isa = PBXContainerItemProxy;
			containerPortal = AB88267F2EC8712C00F49375 /* Project object */;
			proxyType = 1;
			remoteGlobalIDString = AB8826862EC8712C00F49375;
			remoteInfo = "Growth Map";
		};
		AB8826A12EC8712F00F49375 /* PBXContainerItemProxy */ = {
			isa = PBXContainerItemProxy;
			containerPortal = AB88267F2EC8712C00F49375 /* Project object */;
			proxyType = 1;
			remoteGlobalIDString = AB8826862EC8712C00F49375;
			remoteInfo = "Growth Map";
		};
/* End PBXContainerItemProxy section */

/* Begin PBXFileReference section */
		AB8826872EC8712C00F49375 /* Growth Map.app */ = {isa = PBXFileReference; explicitFileType = wrapper.application; includeInIndex = 0; path = "Growth Map.app"; sourceTree = BUILT_PRODUCTS_DIR; };
		AB8826962EC8712F00F49375 /* Growth MapTests.xctest */ = {isa = PBXFileReference; explicitFileType = wrapper.cfbundle; includeInIndex = 0; path = "Growth MapTests.xctest"; sourceTree = BUILT_PRODUCTS_DIR; };
		AB8826A02EC8712F00F49375 /* Growth MapUITests.xctest */ = {isa = PBXFileReference; explicitFileType = wrapper.cfbundle; includeInIndex = 0; path = "Growth MapUITests.xctest"; sourceTree = BUILT_PRODUCTS_DIR; };
		ABFB00002F0A230300123456 /* SupabaseConfig.plist */ = {isa = PBXFileReference; lastKnownFileType = text.plist.xml; path = SupabaseConfig.plist; sourceTree = "<group>"; };
/* End PBXFileReference section */

/* Begin PBXFileSystemSynchronizedRootGroup section */
		AB8826892EC8712C00F49375 /* Growth Map */ = {
			isa = PBXFileSystemSynchronizedRootGroup;
			path = "Growth Map";
			sourceTree = "<group>";
		};
		AB8826992EC8712F00F49375 /* Growth MapTests */ = {
			isa = PBXFileSystemSynchronizedRootGroup;
			path = "Growth MapTests";
			sourceTree = "<group>";
		};
		AB8826A32EC8712F00F49375 /* Growth MapUITests */ = {
			isa = PBXFileSystemSynchronizedRootGroup;
			path = "Growth MapUITests";
			sourceTree = "<group>";
		};
/* End PBXFileSystemSynchronizedRootGroup section */

/* Begin PBXFrameworksBuildPhase section */
		AB8826842EC8712C00F49375 /* Frameworks */ = {
			isa = PBXFrameworksBuildPhase;
			buildActionMask = 2147483647;
			files = (
				AB8826E32EC88D9C00F49375 /* Storage in Frameworks */,
				AB8826DF2EC88C7E00F49375 /* Supabase in Frameworks */,
				AB8826BC2EC8867800F49375 /* PostgREST in Frameworks */,
				AB8826BA2EC8867800F49375 /* Functions in Frameworks */,
				AB8826E12EC88D9C00F49375 /* Realtime in Frameworks */,
				AB8826B82EC8867800F49375 /* Auth in Frameworks */,
			);
			runOnlyForDeploymentPostprocessing = 0;
		};
		AB8826932EC8712F00F49375 /* Frameworks */ = {
			isa = PBXFrameworksBuildPhase;
			buildActionMask = 2147483647;
			files = (
			);
			runOnlyForDeploymentPostprocessing = 0;
		};
		AB88269D2EC8712F00F49375 /* Frameworks */ = {
			isa = PBXFrameworksBuildPhase;
			buildActionMask = 2147483647;
			files = (
			);
			runOnlyForDeploymentPostprocessing = 0;
		};
/* End PBXFrameworksBuildPhase section */

/* Begin PBXGroup section */
		73AA3D892EC89E9B00397A32 /* Recovered References */ = {
			isa = PBXGroup;
			children = (
				ABFB00002F0A230300123456 /* SupabaseConfig.plist */,
			);
			name = "Recovered References";
			sourceTree = "<group>";
		};
		AB88267E2EC8712C00F49375 = {
			isa = PBXGroup;
			children = (
				AB8826892EC8712C00F49375 /* Growth Map */,
				AB8826992EC8712F00F49375 /* Growth MapTests */,
				AB8826A32EC8712F00F49375 /* Growth MapUITests */,
				AB8826DD2EC88C7E00F49375 /* Frameworks */,
				AB8826882EC8712C00F49375 /* Products */,
				73AA3D892EC89E9B00397A32 /* Recovered References */,
			);
			sourceTree = "<group>";
		};
		AB8826882EC8712C00F49375 /* Products */ = {
			isa = PBXGroup;
			children = (
				AB8826872EC8712C00F49375 /* Growth Map.app */,
				AB8826962EC8712F00F49375 /* Growth MapTests.xctest */,
				AB8826A02EC8712F00F49375 /* Growth MapUITests.xctest */,
			);
			name = Products;
			sourceTree = "<group>";
		};
		AB8826DD2EC88C7E00F49375 /* Frameworks */ = {
			isa = PBXGroup;
			children = (
			);
			name = Frameworks;
			sourceTree = "<group>";
		};
/* End PBXGroup section */

/* Begin PBXNativeTarget section */
		AB8826862EC8712C00F49375 /* Growth Map */ = {
			isa = PBXNativeTarget;
			buildConfigurationList = AB8826AA2EC8712F00F49375 /* Build configuration list for PBXNativeTarget "Growth Map" */;
			buildPhases = (
				AB8826832EC8712C00F49375 /* Sources */,
				AB8826842EC8712C00F49375 /* Frameworks */,
				AB8826852EC8712C00F49375 /* Resources */,
			);
			buildRules = (
			);
			dependencies = (
			);
			fileSystemSynchronizedGroups = (
				AB8826892EC8712C00F49375 /* Growth Map */,
			);
			name = "Growth Map";
			packageProductDependencies = (
				AB8826B72EC8867800F49375 /* Auth */,
				AB8826B92EC8867800F49375 /* Functions */,
				AB8826BB2EC8867800F49375 /* PostgREST */,
				AB8826DE2EC88C7E00F49375 /* Supabase */,
				AB8826E02EC88D9C00F49375 /* Realtime */,
				AB8826E22EC88D9C00F49375 /* Storage */,
			);
			productName = "Growth Map";
			productReference = AB8826872EC8712C00F49375 /* Growth Map.app */;
			productType = "com.apple.product-type.application";
		};
		AB8826952EC8712F00F49375 /* Growth MapTests */ = {
			isa = PBXNativeTarget;
			buildConfigurationList = AB8826AD2EC8712F00F49375 /* Build configuration list for PBXNativeTarget "Growth MapTests" */;
			buildPhases = (
				AB8826922EC8712F00F49375 /* Sources */,
				AB8826932EC8712F00F49375 /* Frameworks */,
				AB8826942EC8712F00F49375 /* Resources */,
			);
			buildRules = (
			);
			dependencies = (
				AB8826982EC8712F00F49375 /* PBXTargetDependency */,
			);
			fileSystemSynchronizedGroups = (
				AB8826992EC8712F00F49375 /* Growth MapTests */,
			);
			name = "Growth MapTests";
			packageProductDependencies = (
			);
			productName = "Growth MapTests";
			productReference = AB8826962EC8712F00F49375 /* Growth MapTests.xctest */;
			productType = "com.apple.product-type.bundle.unit-test";
		};
		AB88269F2EC8712F00F49375 /* Growth MapUITests */ = {
			isa = PBXNativeTarget;
			buildConfigurationList = AB8826B02EC8712F00F49375 /* Build configuration list for PBXNativeTarget "Growth MapUITests" */;
			buildPhases = (
				AB88269C2EC8712F00F49375 /* Sources */,
				AB88269D2EC8712F00F49375 /* Frameworks */,
				AB88269E2EC8712F00F49375 /* Resources */,
			);
			buildRules = (
			);
			dependencies = (
				AB8826A22EC8712F00F49375 /* PBXTargetDependency */,
			);
			fileSystemSynchronizedGroups = (
				AB8826A32EC8712F00F49375 /* Growth MapUITests */,
			);
			name = "Growth MapUITests";
			packageProductDependencies = (
			);
			productName = "Growth MapUITests";
			productReference = AB8826A02EC8712F00F49375 /* Growth MapUITests.xctest */;
			productType = "com.apple.product-type.bundle.ui-testing";
		};
/* End PBXNativeTarget section */

/* Begin PBXProject section */
		AB88267F2EC8712C00F49375 /* Project object */ = {
			isa = PBXProject;
			attributes = {
				BuildIndependentTargetsInParallel = 1;
				LastSwiftUpdateCheck = 2600;
				LastUpgradeCheck = 2600;
				TargetAttributes = {
					AB8826862EC8712C00F49375 = {
						CreatedOnToolsVersion = 26.0.1;
					};
					AB8826952EC8712F00F49375 = {
						CreatedOnToolsVersion = 26.0.1;
						TestTargetID = AB8826862EC8712C00F49375;
					};
					AB88269F2EC8712F00F49375 = {
						CreatedOnToolsVersion = 26.0.1;
						TestTargetID = AB8826862EC8712C00F49375;
					};
				};
			};
			buildConfigurationList = AB8826822EC8712C00F49375 /* Build configuration list for PBXProject "Growth Map" */;
			developmentRegion = en;
			hasScannedForEncodings = 0;
			knownRegions = (
				en,
				Base,
			);
			mainGroup = AB88267E2EC8712C00F49375;
			minimizedProjectReferenceProxies = 1;
			packageReferences = (
				AB8826B62EC8867800F49375 /* XCRemoteSwiftPackageReference "supabase-swift" */,
			);
			preferredProjectObjectVersion = 77;
			productRefGroup = AB8826882EC8712C00F49375 /* Products */;
			projectDirPath = "";
			projectRoot = "";
			targets = (
				AB8826862EC8712C00F49375 /* Growth Map */,
				AB8826952EC8712F00F49375 /* Growth MapTests */,
				AB88269F2EC8712F00F49375 /* Growth MapUITests */,
			);
		};
/* End PBXProject section */

/* Begin PBXResourcesBuildPhase section */
		AB8826852EC8712C00F49375 /* Resources */ = {
			isa = PBXResourcesBuildPhase;
			buildActionMask = 2147483647;
			files = (
			);
			runOnlyForDeploymentPostprocessing = 0;
		};
		AB8826942EC8712F00F49375 /* Resources */ = {
			isa = PBXResourcesBuildPhase;
			buildActionMask = 2147483647;
			files = (
			);
			runOnlyForDeploymentPostprocessing = 0;
		};
		AB88269E2EC8712F00F49375 /* Resources */ = {
			isa = PBXResourcesBuildPhase;
			buildActionMask = 2147483647;
			files = (
			);
			runOnlyForDeploymentPostprocessing = 0;
		};
/* End PBXResourcesBuildPhase section */

/* Begin PBXSourcesBuildPhase section */
		AB8826832EC8712C00F49375 /* Sources */ = {
			isa = PBXSourcesBuildPhase;
			buildActionMask = 2147483647;
			files = (
			);
			runOnlyForDeploymentPostprocessing = 0;
		};
		AB8826922EC8712F00F49375 /* Sources */ = {
			isa = PBXSourcesBuildPhase;
			buildActionMask = 2147483647;
			files = (
			);
			runOnlyForDeploymentPostprocessing = 0;
		};
		AB88269C2EC8712F00F49375 /* Sources */ = {
			isa = PBXSourcesBuildPhase;
			buildActionMask = 2147483647;
			files = (
			);
			runOnlyForDeploymentPostprocessing = 0;
		};
/* End PBXSourcesBuildPhase section */

/* Begin PBXTargetDependency section */
		AB8826982EC8712F00F49375 /* PBXTargetDependency */ = {
			isa = PBXTargetDependency;
			target = AB8826862EC8712C00F49375 /* Growth Map */;
			targetProxy = AB8826972EC8712F00F49375 /* PBXContainerItemProxy */;
		};
		AB8826A22EC8712F00F49375 /* PBXTargetDependency */ = {
			isa = PBXTargetDependency;
			target = AB8826862EC8712C00F49375 /* Growth Map */;
			targetProxy = AB8826A12EC8712F00F49375 /* PBXContainerItemProxy */;
		};
/* End PBXTargetDependency section */

/* Begin XCBuildConfiguration section */
		AB8826A82EC8712F00F49375 /* Debug */ = {
			isa = XCBuildConfiguration;
			buildSettings = {
				ALWAYS_SEARCH_USER_PATHS = NO;
				ASSETCATALOG_COMPILER_GENERATE_SWIFT_ASSET_SYMBOL_EXTENSIONS = YES;
				CLANG_ANALYZER_NONNULL = YES;
				CLANG_ANALYZER_NUMBER_OBJECT_CONVERSION = YES_AGGRESSIVE;
				CLANG_CXX_LANGUAGE_STANDARD = "gnu++20";
				CLANG_ENABLE_MODULES = YES;
				CLANG_ENABLE_OBJC_ARC = YES;
				CLANG_ENABLE_OBJC_WEAK = YES;
				CLANG_WARN_BLOCK_CAPTURE_AUTORELEASING = YES;
				CLANG_WARN_BOOL_CONVERSION = YES;
				CLANG_WARN_COMMA = YES;
				CLANG_WARN_CONSTANT_CONVERSION = YES;
				CLANG_WARN_DEPRECATED_OBJC_IMPLEMENTATIONS = YES;
				CLANG_WARN_DIRECT_OBJC_ISA_USAGE = YES_ERROR;
				CLANG_WARN_DOCUMENTATION_COMMENTS = YES;
				CLANG_WARN_EMPTY_BODY = YES;
				CLANG_WARN_ENUM_CONVERSION = YES;
				CLANG_WARN_INFINITE_RECURSION = YES;
				CLANG_WARN_INT_CONVERSION = YES;
				CLANG_WARN_NON_LITERAL_NULL_CONVERSION = YES;
				CLANG_WARN_OBJC_IMPLICIT_RETAIN_SELF = YES;
				CLANG_WARN_OBJC_LITERAL_CONVERSION = YES;
				CLANG_WARN_OBJC_ROOT_CLASS = YES_ERROR;
				CLANG_WARN_QUOTED_INCLUDE_IN_FRAMEWORK_HEADER = YES;
				CLANG_WARN_RANGE_LOOP_ANALYSIS = YES;
				CLANG_WARN_STRICT_PROTOTYPES = YES;
				CLANG_WARN_SUSPICIOUS_MOVE = YES;
				CLANG_WARN_UNGUARDED_AVAILABILITY = YES_AGGRESSIVE;
				CLANG_WARN_UNREACHABLE_CODE = YES;
				CLANG_WARN__DUPLICATE_METHOD_MATCH = YES;
				COPY_PHASE_STRIP = NO;
				DEBUG_INFORMATION_FORMAT = dwarf;
				DEVELOPMENT_TEAM = ZRNR29QMK8;
				ENABLE_STRICT_OBJC_MSGSEND = YES;
				ENABLE_TESTABILITY = YES;
				ENABLE_USER_SCRIPT_SANDBOXING = YES;
				GCC_C_LANGUAGE_STANDARD = gnu17;
				GCC_DYNAMIC_NO_PIC = NO;
				GCC_NO_COMMON_BLOCKS = YES;
				GCC_OPTIMIZATION_LEVEL = 0;
				GCC_PREPROCESSOR_DEFINITIONS = (
					"DEBUG=1",
					"$(inherited)",
				);
				GCC_WARN_64_TO_32_BIT_CONVERSION = YES;
				GCC_WARN_ABOUT_RETURN_TYPE = YES_ERROR;
				GCC_WARN_UNDECLARED_SELECTOR = YES;
				GCC_WARN_UNINITIALIZED_AUTOS = YES_AGGRESSIVE;
				GCC_WARN_UNUSED_FUNCTION = YES;
				GCC_WARN_UNUSED_VARIABLE = YES;
				IPHONEOS_DEPLOYMENT_TARGET = 26.0;
				LOCALIZATION_PREFERS_STRING_CATALOGS = YES;
				MTL_ENABLE_DEBUG_INFO = INCLUDE_SOURCE;
				MTL_FAST_MATH = YES;
				ONLY_ACTIVE_ARCH = YES;
				SDKROOT = iphoneos;
				SWIFT_ACTIVE_COMPILATION_CONDITIONS = "DEBUG $(inherited)";
				SWIFT_OPTIMIZATION_LEVEL = "-Onone";
			};
			name = Debug;
		};
		AB8826A92EC8712F00F49375 /* Release */ = {
			isa = XCBuildConfiguration;
			buildSettings = {
				ALWAYS_SEARCH_USER_PATHS = NO;
				ASSETCATALOG_COMPILER_GENERATE_SWIFT_ASSET_SYMBOL_EXTENSIONS = YES;
				CLANG_ANALYZER_NONNULL = YES;
				CLANG_ANALYZER_NUMBER_OBJECT_CONVERSION = YES_AGGRESSIVE;
				CLANG_CXX_LANGUAGE_STANDARD = "gnu++20";
				CLANG_ENABLE_MODULES = YES;
				CLANG_ENABLE_OBJC_ARC = YES;
				CLANG_ENABLE_OBJC_WEAK = YES;
				CLANG_WARN_BLOCK_CAPTURE_AUTORELEASING = YES;
				CLANG_WARN_BOOL_CONVERSION = YES;
				CLANG_WARN_COMMA = YES;
				CLANG_WARN_CONSTANT_CONVERSION = YES;
				CLANG_WARN_DEPRECATED_OBJC_IMPLEMENTATIONS = YES;
				CLANG_WARN_DIRECT_OBJC_ISA_USAGE = YES_ERROR;
				CLANG_WARN_DOCUMENTATION_COMMENTS = YES;
				CLANG_WARN_EMPTY_BODY = YES;
				CLANG_WARN_ENUM_CONVERSION = YES;
				CLANG_WARN_INFINITE_RECURSION = YES;
				CLANG_WARN_INT_CONVERSION = YES;
				CLANG_WARN_NON_LITERAL_NULL_CONVERSION = YES;
				CLANG_WARN_OBJC_IMPLICIT_RETAIN_SELF = YES;
				CLANG_WARN_OBJC_LITERAL_CONVERSION = YES;
				CLANG_WARN_OBJC_ROOT_CLASS = YES_ERROR;
				CLANG_WARN_QUOTED_INCLUDE_IN_FRAMEWORK_HEADER = YES;
				CLANG_WARN_RANGE_LOOP_ANALYSIS = YES;
				CLANG_WARN_STRICT_PROTOTYPES = YES;
				CLANG_WARN_SUSPICIOUS_MOVE = YES;
				CLANG_WARN_UNGUARDED_AVAILABILITY = YES_AGGRESSIVE;
				CLANG_WARN_UNREACHABLE_CODE = YES;
				CLANG_WARN__DUPLICATE_METHOD_MATCH = YES;
				COPY_PHASE_STRIP = NO;
				DEBUG_INFORMATION_FORMAT = "dwarf-with-dsym";
				DEVELOPMENT_TEAM = ZRNR29QMK8;
				ENABLE_NS_ASSERTIONS = NO;
				ENABLE_STRICT_OBJC_MSGSEND = YES;
				ENABLE_USER_SCRIPT_SANDBOXING = YES;
				GCC_C_LANGUAGE_STANDARD = gnu17;
				GCC_NO_COMMON_BLOCKS = YES;
				GCC_WARN_64_TO_32_BIT_CONVERSION = YES;
				GCC_WARN_ABOUT_RETURN_TYPE = YES_ERROR;
				GCC_WARN_UNDECLARED_SELECTOR = YES;
				GCC_WARN_UNINITIALIZED_AUTOS = YES_AGGRESSIVE;
				GCC_WARN_UNUSED_FUNCTION = YES;
				GCC_WARN_UNUSED_VARIABLE = YES;
				IPHONEOS_DEPLOYMENT_TARGET = 26.0;
				LOCALIZATION_PREFERS_STRING_CATALOGS = YES;
				MTL_ENABLE_DEBUG_INFO = NO;
				MTL_FAST_MATH = YES;
				SDKROOT = iphoneos;
				SWIFT_COMPILATION_MODE = wholemodule;
				VALIDATE_PRODUCT = YES;
			};
			name = Release;
		};
		AB8826AB2EC8712F00F49375 /* Debug */ = {
			isa = XCBuildConfiguration;
			buildSettings = {
				ASSETCATALOG_COMPILER_APPICON_NAME = AppIcon;
				ASSETCATALOG_COMPILER_GLOBAL_ACCENT_COLOR_NAME = AccentColor;
				CODE_SIGN_STYLE = Automatic;
				CURRENT_PROJECT_VERSION = 1;
				DEVELOPMENT_TEAM = ZRNR29QMK8;
				ENABLE_PREVIEWS = YES;
				GENERATE_INFOPLIST_FILE = YES;
				INFOPLIST_KEY_SUPABASE_ANON_KEY = "$(SUPABASE_ANON_KEY)";
				INFOPLIST_KEY_SUPABASE_URL = "$(SUPABASE_URL)";
				INFOPLIST_KEY_UIApplicationSceneManifest_Generation = YES;
				INFOPLIST_KEY_UIApplicationSupportsIndirectInputEvents = YES;
				INFOPLIST_KEY_UILaunchScreen_Generation = YES;
				INFOPLIST_KEY_UISupportedInterfaceOrientations_iPad = "UIInterfaceOrientationPortrait UIInterfaceOrientationPortraitUpsideDown UIInterfaceOrientationLandscapeLeft UIInterfaceOrientationLandscapeRight";
				INFOPLIST_KEY_UISupportedInterfaceOrientations_iPhone = "UIInterfaceOrientationPortrait UIInterfaceOrientationLandscapeLeft UIInterfaceOrientationLandscapeRight";
				IPHONEOS_DEPLOYMENT_TARGET = 18.6;
				LD_RUNPATH_SEARCH_PATHS = (
					"$(inherited)",
					"@executable_path/Frameworks",
				);
				MARKETING_VERSION = 1.0;
				PRODUCT_BUNDLE_IDENTIFIER = "com.bbeglerov.Growth-Map";
				PRODUCT_NAME = "$(TARGET_NAME)";
				STRING_CATALOG_GENERATE_SYMBOLS = YES;
				SUPABASE_ANON_KEY = "eyJhbGciOiJIUzI1NiIsInR5cCI6IkpXVCJ9.eyJpc3MiOiJzdXBhYmFzZSIsInJlZiI6Imhrd2JidmFta2Fnb2F5c2RmZHdnIiwicm9sZSI6ImFub24iLCJpYXQiOjE3NjMxOTY0NzcsImV4cCI6MjA3ODc3MjQ3N30.KA4Or-KvH_H8lJQ5M7Vf8aFCM8xyrQrOJHsUsI3gQy8";
				SUPABASE_URL = "https://hkwbbvamkagoaysdfdwg.supabase.co";
				SWIFT_APPROACHABLE_CONCURRENCY = YES;
				SWIFT_DEFAULT_ACTOR_ISOLATION = MainActor;
				SWIFT_EMIT_LOC_STRINGS = YES;
				SWIFT_UPCOMING_FEATURE_MEMBER_IMPORT_VISIBILITY = YES;
				SWIFT_VERSION = 5.0;
				TARGETED_DEVICE_FAMILY = "1,2";
			};
			name = Debug;
		};
		AB8826AC2EC8712F00F49375 /* Release */ = {
			isa = XCBuildConfiguration;
			buildSettings = {
				ASSETCATALOG_COMPILER_APPICON_NAME = AppIcon;
				ASSETCATALOG_COMPILER_GLOBAL_ACCENT_COLOR_NAME = AccentColor;
				CODE_SIGN_STYLE = Automatic;
				CURRENT_PROJECT_VERSION = 1;
				DEVELOPMENT_TEAM = ZRNR29QMK8;
				ENABLE_PREVIEWS = YES;
				GENERATE_INFOPLIST_FILE = YES;
				INFOPLIST_KEY_SUPABASE_ANON_KEY = "$(SUPABASE_ANON_KEY)";
				INFOPLIST_KEY_SUPABASE_URL = "$(SUPABASE_URL)";
				INFOPLIST_KEY_UIApplicationSceneManifest_Generation = YES;
				INFOPLIST_KEY_UIApplicationSupportsIndirectInputEvents = YES;
				INFOPLIST_KEY_UILaunchScreen_Generation = YES;
				INFOPLIST_KEY_UISupportedInterfaceOrientations_iPad = "UIInterfaceOrientationPortrait UIInterfaceOrientationPortraitUpsideDown UIInterfaceOrientationLandscapeLeft UIInterfaceOrientationLandscapeRight";
				INFOPLIST_KEY_UISupportedInterfaceOrientations_iPhone = "UIInterfaceOrientationPortrait UIInterfaceOrientationLandscapeLeft UIInterfaceOrientationLandscapeRight";
				IPHONEOS_DEPLOYMENT_TARGET = 18.6;
				LD_RUNPATH_SEARCH_PATHS = (
					"$(inherited)",
					"@executable_path/Frameworks",
				);
				MARKETING_VERSION = 1.0;
				PRODUCT_BUNDLE_IDENTIFIER = "com.bbeglerov.Growth-Map";
				PRODUCT_NAME = "$(TARGET_NAME)";
				STRING_CATALOG_GENERATE_SYMBOLS = YES;
				SUPABASE_ANON_KEY = "eyJhbGciOiJIUzI1NiIsInR5cCI6IkpXVCJ9.eyJpc3MiOiJzdXBhYmFzZSIsInJlZiI6Imhrd2JidmFta2Fnb2F5c2RmZHdnIiwicm9sZSI6ImFub24iLCJpYXQiOjE3NjMxOTY0NzcsImV4cCI6MjA3ODc3MjQ3N30.KA4Or-KvH_H8lJQ5M7Vf8aFCM8xyrQrOJHsUsI3gQy8";
				SUPABASE_URL = "https://hkwbbvamkagoaysdfdwg.supabase.co";
				SWIFT_APPROACHABLE_CONCURRENCY = YES;
				SWIFT_DEFAULT_ACTOR_ISOLATION = MainActor;
				SWIFT_EMIT_LOC_STRINGS = YES;
				SWIFT_UPCOMING_FEATURE_MEMBER_IMPORT_VISIBILITY = YES;
				SWIFT_VERSION = 5.0;
				TARGETED_DEVICE_FAMILY = "1,2";
			};
			name = Release;
		};
		AB8826AE2EC8712F00F49375 /* Debug */ = {
			isa = XCBuildConfiguration;
			buildSettings = {
				BUNDLE_LOADER = "$(TEST_HOST)";
				CODE_SIGN_STYLE = Automatic;
				CURRENT_PROJECT_VERSION = 1;
				DEVELOPMENT_TEAM = ZRNR29QMK8;
				GENERATE_INFOPLIST_FILE = YES;
				IPHONEOS_DEPLOYMENT_TARGET = 18.6;
				MARKETING_VERSION = 1.0;
				PRODUCT_BUNDLE_IDENTIFIER = "com.bbeglerov.Growth-MapTests";
				PRODUCT_NAME = "$(TARGET_NAME)";
				STRING_CATALOG_GENERATE_SYMBOLS = NO;
				SWIFT_APPROACHABLE_CONCURRENCY = YES;
				SWIFT_EMIT_LOC_STRINGS = NO;
				SWIFT_UPCOMING_FEATURE_MEMBER_IMPORT_VISIBILITY = YES;
				SWIFT_VERSION = 5.0;
				TARGETED_DEVICE_FAMILY = "1,2";
				TEST_HOST = "$(BUILT_PRODUCTS_DIR)/Growth Map.app/$(BUNDLE_EXECUTABLE_FOLDER_PATH)/Growth Map";
			};
			name = Debug;
		};
		AB8826AF2EC8712F00F49375 /* Release */ = {
			isa = XCBuildConfiguration;
			buildSettings = {
				BUNDLE_LOADER = "$(TEST_HOST)";
				CODE_SIGN_STYLE = Automatic;
				CURRENT_PROJECT_VERSION = 1;
				DEVELOPMENT_TEAM = ZRNR29QMK8;
				GENERATE_INFOPLIST_FILE = YES;
				IPHONEOS_DEPLOYMENT_TARGET = 18.6;
				MARKETING_VERSION = 1.0;
				PRODUCT_BUNDLE_IDENTIFIER = "com.bbeglerov.Growth-MapTests";
				PRODUCT_NAME = "$(TARGET_NAME)";
				STRING_CATALOG_GENERATE_SYMBOLS = NO;
				SWIFT_APPROACHABLE_CONCURRENCY = YES;
				SWIFT_EMIT_LOC_STRINGS = NO;
				SWIFT_UPCOMING_FEATURE_MEMBER_IMPORT_VISIBILITY = YES;
				SWIFT_VERSION = 5.0;
				TARGETED_DEVICE_FAMILY = "1,2";
				TEST_HOST = "$(BUILT_PRODUCTS_DIR)/Growth Map.app/$(BUNDLE_EXECUTABLE_FOLDER_PATH)/Growth Map";
			};
			name = Release;
		};
		AB8826B12EC8712F00F49375 /* Debug */ = {
			isa = XCBuildConfiguration;
			buildSettings = {
				CODE_SIGN_STYLE = Automatic;
				CURRENT_PROJECT_VERSION = 1;
				DEVELOPMENT_TEAM = ZRNR29QMK8;
				GENERATE_INFOPLIST_FILE = YES;
				MARKETING_VERSION = 1.0;
				PRODUCT_BUNDLE_IDENTIFIER = "com.bbeglerov.Growth-MapUITests";
				PRODUCT_NAME = "$(TARGET_NAME)";
				STRING_CATALOG_GENERATE_SYMBOLS = NO;
				SWIFT_APPROACHABLE_CONCURRENCY = YES;
				SWIFT_EMIT_LOC_STRINGS = NO;
				SWIFT_UPCOMING_FEATURE_MEMBER_IMPORT_VISIBILITY = YES;
				SWIFT_VERSION = 5.0;
				TARGETED_DEVICE_FAMILY = "1,2";
				TEST_TARGET_NAME = "Growth Map";
			};
			name = Debug;
		};
		AB8826B22EC8712F00F49375 /* Release */ = {
			isa = XCBuildConfiguration;
			buildSettings = {
				CODE_SIGN_STYLE = Automatic;
				CURRENT_PROJECT_VERSION = 1;
				DEVELOPMENT_TEAM = ZRNR29QMK8;
				GENERATE_INFOPLIST_FILE = YES;
				MARKETING_VERSION = 1.0;
				PRODUCT_BUNDLE_IDENTIFIER = "com.bbeglerov.Growth-MapUITests";
				PRODUCT_NAME = "$(TARGET_NAME)";
				STRING_CATALOG_GENERATE_SYMBOLS = NO;
				SWIFT_APPROACHABLE_CONCURRENCY = YES;
				SWIFT_EMIT_LOC_STRINGS = NO;
				SWIFT_UPCOMING_FEATURE_MEMBER_IMPORT_VISIBILITY = YES;
				SWIFT_VERSION = 5.0;
				TARGETED_DEVICE_FAMILY = "1,2";
				TEST_TARGET_NAME = "Growth Map";
			};
			name = Release;
		};
/* End XCBuildConfiguration section */

/* Begin XCConfigurationList section */
		AB8826822EC8712C00F49375 /* Build configuration list for PBXProject "Growth Map" */ = {
			isa = XCConfigurationList;
			buildConfigurations = (
				AB8826A82EC8712F00F49375 /* Debug */,
				AB8826A92EC8712F00F49375 /* Release */,
			);
			defaultConfigurationIsVisible = 0;
			defaultConfigurationName = Release;
		};
		AB8826AA2EC8712F00F49375 /* Build configuration list for PBXNativeTarget "Growth Map" */ = {
			isa = XCConfigurationList;
			buildConfigurations = (
				AB8826AB2EC8712F00F49375 /* Debug */,
				AB8826AC2EC8712F00F49375 /* Release */,
			);
			defaultConfigurationIsVisible = 0;
			defaultConfigurationName = Release;
		};
		AB8826AD2EC8712F00F49375 /* Build configuration list for PBXNativeTarget "Growth MapTests" */ = {
			isa = XCConfigurationList;
			buildConfigurations = (
				AB8826AE2EC8712F00F49375 /* Debug */,
				AB8826AF2EC8712F00F49375 /* Release */,
			);
			defaultConfigurationIsVisible = 0;
			defaultConfigurationName = Release;
		};
		AB8826B02EC8712F00F49375 /* Build configuration list for PBXNativeTarget "Growth MapUITests" */ = {
			isa = XCConfigurationList;
			buildConfigurations = (
				AB8826B12EC8712F00F49375 /* Debug */,
				AB8826B22EC8712F00F49375 /* Release */,
			);
			defaultConfigurationIsVisible = 0;
			defaultConfigurationName = Release;
		};
/* End XCConfigurationList section */

/* Begin XCRemoteSwiftPackageReference section */
		AB8826B62EC8867800F49375 /* XCRemoteSwiftPackageReference "supabase-swift" */ = {
			isa = XCRemoteSwiftPackageReference;
			repositoryURL = "https://github.com/supabase-community/supabase-swift.git";
			requirement = {
				kind = upToNextMajorVersion;
				minimumVersion = 2.5.1;
			};
		};
/* End XCRemoteSwiftPackageReference section */

/* Begin XCSwiftPackageProductDependency section */
		AB8826B72EC8867800F49375 /* Auth */ = {
			isa = XCSwiftPackageProductDependency;
			package = AB8826B62EC8867800F49375 /* XCRemoteSwiftPackageReference "supabase-swift" */;
			productName = Auth;
		};
		AB8826B92EC8867800F49375 /* Functions */ = {
			isa = XCSwiftPackageProductDependency;
			package = AB8826B62EC8867800F49375 /* XCRemoteSwiftPackageReference "supabase-swift" */;
			productName = Functions;
		};
		AB8826BB2EC8867800F49375 /* PostgREST */ = {
			isa = XCSwiftPackageProductDependency;
			package = AB8826B62EC8867800F49375 /* XCRemoteSwiftPackageReference "supabase-swift" */;
			productName = PostgREST;
		};
		AB8826DE2EC88C7E00F49375 /* Supabase */ = {
			isa = XCSwiftPackageProductDependency;
			package = AB8826B62EC8867800F49375 /* XCRemoteSwiftPackageReference "supabase-swift" */;
			productName = Supabase;
		};
		AB8826E02EC88D9C00F49375 /* Realtime */ = {
			isa = XCSwiftPackageProductDependency;
			package = AB8826B62EC8867800F49375 /* XCRemoteSwiftPackageReference "supabase-swift" */;
			productName = Realtime;
		};
		AB8826E22EC88D9C00F49375 /* Storage */ = {
			isa = XCSwiftPackageProductDependency;
			package = AB8826B62EC8867800F49375 /* XCRemoteSwiftPackageReference "supabase-swift" */;
			productName = Storage;
		};
/* End XCSwiftPackageProductDependency section */
	};
	rootObject = AB88267F2EC8712C00F49375 /* Project object */;
}
